
Microsoft Visual Studio Solution File, Format Version 12.00
# Visual Studio Version 16
VisualStudioVersion = 16.0.32413.511
MinimumVisualStudioVersion = 10.0.40219.1
Project("{FAE04EC0-301F-11D3-BF4B-00C04F79EFBC}") = "LocalVideoPlayerAudioHeadless", "LocalVideoPlayerAudioHeadless.csproj", "{09B0D538-F591-4174-8409-7841AD999DD2}"
EndProject
Global
	GlobalSection(SolutionConfigurationPlatforms) = preSolution
		Debug|Any CPU = Debug|Any CPU
		Release|Any CPU = Release|Any CPU
	EndGlobalSection
	GlobalSection(ProjectConfigurationPlatforms) = postSolution
		{09B0D538-F591-4174-8409-7841AD999DD2}.Debug|Any CPU.ActiveCfg = Debug|Any CPU
		{09B0D538-F591-4174-8409-7841AD999DD2}.Debug|Any CPU.Build.0 = Debug|Any CPU
		{09B0D538-F591-4174-8409-7841AD999DD2}.Release|Any CPU.ActiveCfg = Release|Any CPU
		{09B0D538-F591-4174-8409-7841AD999DD2}.Release|Any CPU.Build.0 = Release|Any CPU
	EndGlobalSection
	GlobalSection(SolutionProperties) = preSolution
		HideSolutionNode = FALSE
	EndGlobalSection
	GlobalSection(ExtensibilityGlobals) = postSolution
		SolutionGuid = {C20A9F53-C359-4857-AC24-5CA588353F07}
	EndGlobalSection
EndGlobal
